// !$*UTF8*$!
{
	archiveVersion = 1;
	classes = {
	};
	objectVersion = 46;
	objects = {

/* Begin PBXBuildFile section */
		1704B70F1633156A00F05E23 /* TimeDelayCalculation.m in Sources */ = {isa = PBXBuildFile; fileRef = 1704B70E1633156A00F05E23 /* TimeDelayCalculation.m */; };
		174D51F81633523E00D465DE /* Icon.png in Resources */ = {isa = PBXBuildFile; fileRef = 174D51F71633523E00D465DE /* Icon.png */; };
		174F3E8A15D44BF9007B7A62 /* QuartzCore.framework in Frameworks */ = {isa = PBXBuildFile; fileRef = 174F3E8915D44BF8007B7A62 /* QuartzCore.framework */; };
		1763429D15B7FC7A00AAD6E4 /* LibraryViewController.mm in Sources */ = {isa = PBXBuildFile; fileRef = 1763429C15B7FC7A00AAD6E4 /* LibraryViewController.mm */; };
		176342A515B9A23700AAD6E4 /* blue bgi.jpeg in Resources */ = {isa = PBXBuildFile; fileRef = 176342A315B9A23700AAD6E4 /* blue bgi.jpeg */; };
		176342A615B9A23700AAD6E4 /* dark bg.jpeg in Resources */ = {isa = PBXBuildFile; fileRef = 176342A415B9A23700AAD6E4 /* dark bg.jpeg */; };
		176342B115BAE13100AAD6E4 /* bright_bg_img1.jpeg in Resources */ = {isa = PBXBuildFile; fileRef = 176342AE15BAE13100AAD6E4 /* bright_bg_img1.jpeg */; };
		176342B215BAE13100AAD6E4 /* bright_bg_img2.jpeg in Resources */ = {isa = PBXBuildFile; fileRef = 176342AF15BAE13100AAD6E4 /* bright_bg_img2.jpeg */; };
		176342B315BAE13100AAD6E4 /* bright_bg_img3.jpeg in Resources */ = {isa = PBXBuildFile; fileRef = 176342B015BAE13100AAD6E4 /* bright_bg_img3.jpeg */; };
		17C6A00415B5B02100372355 /* UIKit.framework in Frameworks */ = {isa = PBXBuildFile; fileRef = 17C6A00315B5B02100372355 /* UIKit.framework */; };
		17C6A00615B5B02100372355 /* Foundation.framework in Frameworks */ = {isa = PBXBuildFile; fileRef = 17C6A00515B5B02100372355 /* Foundation.framework */; };
		17C6A00815B5B02100372355 /* CoreGraphics.framework in Frameworks */ = {isa = PBXBuildFile; fileRef = 17C6A00715B5B02100372355 /* CoreGraphics.framework */; };
		17C6A00E15B5B02100372355 /* InfoPlist.strings in Resources */ = {isa = PBXBuildFile; fileRef = 17C6A00C15B5B02100372355 /* InfoPlist.strings */; };
		17C6A01015B5B02100372355 /* main.m in Sources */ = {isa = PBXBuildFile; fileRef = 17C6A00F15B5B02100372355 /* main.m */; };
		17C6A01415B5B02100372355 /* AppDelegate.m in Sources */ = {isa = PBXBuildFile; fileRef = 17C6A01315B5B02100372355 /* AppDelegate.m */; };
		17C6A01715B5B02100372355 /* MainStoryboard.storyboard in Resources */ = {isa = PBXBuildFile; fileRef = 17C6A01515B5B02100372355 /* MainStoryboard.storyboard */; };
		17C6A01A15B5B02100372355 /* ViewController.mm in Sources */ = {isa = PBXBuildFile; fileRef = 17C6A01915B5B02100372355 /* ViewController.mm */; };
		17C6A02615B5B6EC00372355 /* Clouds.JPG in Resources */ = {isa = PBXBuildFile; fileRef = 17C6A02515B5B6EC00372355 /* Clouds.JPG */; };
		17C6A02815B5B78B00372355 /* 3dscanner.png in Resources */ = {isa = PBXBuildFile; fileRef = 17C6A02715B5B78B00372355 /* 3dscanner.png */; };
		17C6A02B15B5B83600372355 /* CalibrationViewConroller.mm in Sources */ = {isa = PBXBuildFile; fileRef = 17C6A02A15B5B83500372355 /* CalibrationViewConroller.mm */; };
		17C6A02F15B5BD7900372355 /* SettingsViewController.mm in Sources */ = {isa = PBXBuildFile; fileRef = 17C6A02D15B5BD7900372355 /* SettingsViewController.mm */; };
		17C6A03915B5C67200372355 /* OpenCVCalculations.mm in Sources */ = {isa = PBXBuildFile; fileRef = 17C6A03215B5C67200372355 /* OpenCVCalculations.mm */; };
		17C6A03A15B5C67200372355 /* manageCVMat.mm in Sources */ = {isa = PBXBuildFile; fileRef = 17C6A03415B5C67200372355 /* manageCVMat.mm */; };
		17C6A03B15B5C67200372355 /* SessionManager.mm in Sources */ = {isa = PBXBuildFile; fileRef = 17C6A03615B5C67200372355 /* SessionManager.mm */; };
		17C6A03C15B5C67200372355 /* UIImage+OpenCV.mm in Sources */ = {isa = PBXBuildFile; fileRef = 17C6A03815B5C67200372355 /* UIImage+OpenCV.mm */; };
		17C6A09F15B5CE3600372355 /* ReconstructionViewController.mm in Sources */ = {isa = PBXBuildFile; fileRef = 17C6A09E15B5CE3500372355 /* ReconstructionViewController.mm */; };
		17C6A0C015B5D80200372355 /* libopencv_calib3d.a in Frameworks */ = {isa = PBXBuildFile; fileRef = 17C6A0B015B5D80200372355 /* libopencv_calib3d.a */; };
		17C6A0C115B5D80200372355 /* libopencv_contrib.a in Frameworks */ = {isa = PBXBuildFile; fileRef = 17C6A0B115B5D80200372355 /* libopencv_contrib.a */; };
		17C6A0C215B5D80200372355 /* libopencv_core.a in Frameworks */ = {isa = PBXBuildFile; fileRef = 17C6A0B215B5D80200372355 /* libopencv_core.a */; };
		17C6A0C315B5D80200372355 /* libopencv_features2d.a in Frameworks */ = {isa = PBXBuildFile; fileRef = 17C6A0B315B5D80200372355 /* libopencv_features2d.a */; };
		17C6A0C415B5D80200372355 /* libopencv_flann.a in Frameworks */ = {isa = PBXBuildFile; fileRef = 17C6A0B415B5D80200372355 /* libopencv_flann.a */; };
		17C6A0C515B5D80200372355 /* libopencv_highgui.a in Frameworks */ = {isa = PBXBuildFile; fileRef = 17C6A0B515B5D80200372355 /* libopencv_highgui.a */; };
		17C6A0C615B5D80200372355 /* libopencv_imgproc.a in Frameworks */ = {isa = PBXBuildFile; fileRef = 17C6A0B615B5D80200372355 /* libopencv_imgproc.a */; };
		17C6A0C715B5D80200372355 /* libopencv_legacy.a in Frameworks */ = {isa = PBXBuildFile; fileRef = 17C6A0B715B5D80200372355 /* libopencv_legacy.a */; };
		17C6A0C815B5D80200372355 /* libopencv_ml.a in Frameworks */ = {isa = PBXBuildFile; fileRef = 17C6A0B815B5D80200372355 /* libopencv_ml.a */; };
		17C6A0C915B5D80200372355 /* libopencv_nonfree.a in Frameworks */ = {isa = PBXBuildFile; fileRef = 17C6A0B915B5D80200372355 /* libopencv_nonfree.a */; };
		17C6A0CA15B5D80200372355 /* libopencv_objdetect.a in Frameworks */ = {isa = PBXBuildFile; fileRef = 17C6A0BA15B5D80200372355 /* libopencv_objdetect.a */; };
		17C6A0CB15B5D80200372355 /* libopencv_photo.a in Frameworks */ = {isa = PBXBuildFile; fileRef = 17C6A0BB15B5D80200372355 /* libopencv_photo.a */; };
		17C6A0CC15B5D80200372355 /* libopencv_stitching.a in Frameworks */ = {isa = PBXBuildFile; fileRef = 17C6A0BC15B5D80200372355 /* libopencv_stitching.a */; };
		17C6A0CD15B5D80200372355 /* libopencv_video.a in Frameworks */ = {isa = PBXBuildFile; fileRef = 17C6A0BD15B5D80200372355 /* libopencv_video.a */; };
		17C6A0CE15B5D80200372355 /* libopencv_videostab.a in Frameworks */ = {isa = PBXBuildFile; fileRef = 17C6A0BE15B5D80200372355 /* libopencv_videostab.a */; };
		17C6A0CF15B5D80200372355 /* libzlib.a in Frameworks */ = {isa = PBXBuildFile; fileRef = 17C6A0BF15B5D80200372355 /* libzlib.a */; };
		17C6A0D915B5F39B00372355 /* GameKit.framework in Frameworks */ = {isa = PBXBuildFile; fileRef = 17C6A0D815B5F39B00372355 /* GameKit.framework */; };
		17C6A0DC15B5F3A500372355 /* ImageIO.framework in Frameworks */ = {isa = PBXBuildFile; fileRef = 17C6A0DB15B5F3A500372355 /* ImageIO.framework */; };
		17C6A0DF15B5F3B600372355 /* CoreMedia.framework in Frameworks */ = {isa = PBXBuildFile; fileRef = 17C6A0DD15B5F3B600372355 /* CoreMedia.framework */; };
		17C6A0E015B5F3B600372355 /* CoreVideo.framework in Frameworks */ = {isa = PBXBuildFile; fileRef = 17C6A0DE15B5F3B600372355 /* CoreVideo.framework */; };
		17C6A0E215B5F3BF00372355 /* AVFoundation.framework in Frameworks */ = {isa = PBXBuildFile; fileRef = 17C6A0E115B5F3BF00372355 /* AVFoundation.framework */; };
		C53FCC05164986570061ABA4 /* glViewController.mm in Sources */ = {isa = PBXBuildFile; fileRef = C53FCC04164986570061ABA4 /* glViewController.mm */; };
		C53FCC0816498BDD0061ABA4 /* GLKit.framework in Frameworks */ = {isa = PBXBuildFile; fileRef = C53FCC0716498BDD0061ABA4 /* GLKit.framework */; };
		C53FCC0A164998260061ABA4 /* tile_floor.png in Resources */ = {isa = PBXBuildFile; fileRef = C53FCC09164998260061ABA4 /* tile_floor.png */; };
		C5A448011621B85D00490911 /* OpenGLES.framework in Frameworks */ = {isa = PBXBuildFile; fileRef = C5A448001621B85D00490911 /* OpenGLES.framework */; };
		C5A4484516222E4C00490911 /* particle.png in Resources */ = {isa = PBXBuildFile; fileRef = C5A4484416222E4B00490911 /* particle.png */; };
/* End PBXBuildFile section */

/* Begin PBXFileReference section */
		1704B70D1633156A00F05E23 /* TimeDelayCalculation.h */ = {isa = PBXFileReference; fileEncoding = 4; lastKnownFileType = sourcecode.c.h; path = TimeDelayCalculation.h; sourceTree = "<group>"; };
		1704B70E1633156A00F05E23 /* TimeDelayCalculation.m */ = {isa = PBXFileReference; fileEncoding = 4; lastKnownFileType = sourcecode.c.objc; path = TimeDelayCalculation.m; sourceTree = "<group>"; };
		174D51F71633523E00D465DE /* Icon.png */ = {isa = PBXFileReference; lastKnownFileType = image.png; name = Icon.png; path = ../Icon.png; sourceTree = "<group>"; };
		174F3E8915D44BF8007B7A62 /* QuartzCore.framework */ = {isa = PBXFileReference; lastKnownFileType = wrapper.framework; name = QuartzCore.framework; path = System/Library/Frameworks/QuartzCore.framework; sourceTree = SDKROOT; };
		1763429B15B7FC7A00AAD6E4 /* LibraryViewController.h */ = {isa = PBXFileReference; fileEncoding = 4; lastKnownFileType = sourcecode.c.h; path = LibraryViewController.h; sourceTree = "<group>"; };
		1763429C15B7FC7A00AAD6E4 /* LibraryViewController.mm */ = {isa = PBXFileReference; fileEncoding = 4; lastKnownFileType = sourcecode.cpp.objcpp; path = LibraryViewController.mm; sourceTree = "<group>"; };
		176342A315B9A23700AAD6E4 /* blue bgi.jpeg */ = {isa = PBXFileReference; lastKnownFileType = image.jpeg; path = "blue bgi.jpeg"; sourceTree = "<group>"; };
		176342A415B9A23700AAD6E4 /* dark bg.jpeg */ = {isa = PBXFileReference; lastKnownFileType = image.jpeg; path = "dark bg.jpeg"; sourceTree = "<group>"; };
		176342A715B9ADEC00AAD6E4 /* ResponseFromSession.h */ = {isa = PBXFileReference; lastKnownFileType = sourcecode.c.h; path = ResponseFromSession.h; sourceTree = "<group>"; };
		176342AE15BAE13100AAD6E4 /* bright_bg_img1.jpeg */ = {isa = PBXFileReference; lastKnownFileType = image.jpeg; path = bright_bg_img1.jpeg; sourceTree = "<group>"; };
		176342AF15BAE13100AAD6E4 /* bright_bg_img2.jpeg */ = {isa = PBXFileReference; lastKnownFileType = image.jpeg; path = bright_bg_img2.jpeg; sourceTree = "<group>"; };
		176342B015BAE13100AAD6E4 /* bright_bg_img3.jpeg */ = {isa = PBXFileReference; lastKnownFileType = image.jpeg; path = bright_bg_img3.jpeg; sourceTree = "<group>"; };
		17C69FFF15B5B02100372355 /* stereo_vision.app */ = {isa = PBXFileReference; explicitFileType = wrapper.application; includeInIndex = 0; path = stereo_vision.app; sourceTree = BUILT_PRODUCTS_DIR; };
		17C6A00315B5B02100372355 /* UIKit.framework */ = {isa = PBXFileReference; lastKnownFileType = wrapper.framework; name = UIKit.framework; path = System/Library/Frameworks/UIKit.framework; sourceTree = SDKROOT; };
		17C6A00515B5B02100372355 /* Foundation.framework */ = {isa = PBXFileReference; lastKnownFileType = wrapper.framework; name = Foundation.framework; path = System/Library/Frameworks/Foundation.framework; sourceTree = SDKROOT; };
		17C6A00715B5B02100372355 /* CoreGraphics.framework */ = {isa = PBXFileReference; lastKnownFileType = wrapper.framework; name = CoreGraphics.framework; path = System/Library/Frameworks/CoreGraphics.framework; sourceTree = SDKROOT; };
		17C6A00B15B5B02100372355 /* stereo_vision-Info.plist */ = {isa = PBXFileReference; lastKnownFileType = text.plist.xml; path = "stereo_vision-Info.plist"; sourceTree = "<group>"; };
		17C6A00D15B5B02100372355 /* en */ = {isa = PBXFileReference; lastKnownFileType = text.plist.strings; name = en; path = en.lproj/InfoPlist.strings; sourceTree = "<group>"; };
		17C6A00F15B5B02100372355 /* main.m */ = {isa = PBXFileReference; lastKnownFileType = sourcecode.c.objc; path = main.m; sourceTree = "<group>"; };
		17C6A01115B5B02100372355 /* stereo_vision-Prefix.pch */ = {isa = PBXFileReference; lastKnownFileType = sourcecode.c.h; path = "stereo_vision-Prefix.pch"; sourceTree = "<group>"; };
		17C6A01215B5B02100372355 /* AppDelegate.h */ = {isa = PBXFileReference; lastKnownFileType = sourcecode.c.h; path = AppDelegate.h; sourceTree = "<group>"; };
		17C6A01315B5B02100372355 /* AppDelegate.m */ = {isa = PBXFileReference; lastKnownFileType = sourcecode.c.objc; path = AppDelegate.m; sourceTree = "<group>"; };
		17C6A01615B5B02100372355 /* en */ = {isa = PBXFileReference; lastKnownFileType = file.storyboard; name = en; path = en.lproj/MainStoryboard.storyboard; sourceTree = "<group>"; };
		17C6A01815B5B02100372355 /* ViewController.h */ = {isa = PBXFileReference; lastKnownFileType = sourcecode.c.h; path = ViewController.h; sourceTree = "<group>"; };
		17C6A01915B5B02100372355 /* ViewController.mm */ = {isa = PBXFileReference; lastKnownFileType = sourcecode.cpp.objcpp; path = ViewController.mm; sourceTree = "<group>"; };
		17C6A02515B5B6EC00372355 /* Clouds.JPG */ = {isa = PBXFileReference; lastKnownFileType = image.jpeg; path = Clouds.JPG; sourceTree = "<group>"; };
		17C6A02715B5B78B00372355 /* 3dscanner.png */ = {isa = PBXFileReference; lastKnownFileType = image.png; path = 3dscanner.png; sourceTree = "<group>"; };
		17C6A02915B5B83500372355 /* CalibrationViewClontroller.h */ = {isa = PBXFileReference; fileEncoding = 4; lastKnownFileType = sourcecode.c.h; path = CalibrationViewClontroller.h; sourceTree = "<group>"; };
		17C6A02A15B5B83500372355 /* CalibrationViewConroller.mm */ = {isa = PBXFileReference; fileEncoding = 4; lastKnownFileType = sourcecode.cpp.objcpp; path = CalibrationViewConroller.mm; sourceTree = "<group>"; };
		17C6A02C15B5BD7900372355 /* SettingsViewController.h */ = {isa = PBXFileReference; fileEncoding = 4; lastKnownFileType = sourcecode.c.h; path = SettingsViewController.h; sourceTree = "<group>"; };
		17C6A02D15B5BD7900372355 /* SettingsViewController.mm */ = {isa = PBXFileReference; fileEncoding = 4; lastKnownFileType = sourcecode.cpp.objcpp; path = SettingsViewController.mm; sourceTree = "<group>"; };
		17C6A03115B5C67200372355 /* OpenCVCalculations.h */ = {isa = PBXFileReference; fileEncoding = 4; lastKnownFileType = sourcecode.c.h; path = OpenCVCalculations.h; sourceTree = "<group>"; };
		17C6A03215B5C67200372355 /* OpenCVCalculations.mm */ = {isa = PBXFileReference; fileEncoding = 4; lastKnownFileType = sourcecode.cpp.objcpp; path = OpenCVCalculations.mm; sourceTree = "<group>"; };
		17C6A03315B5C67200372355 /* manageCVMat.h */ = {isa = PBXFileReference; fileEncoding = 4; lastKnownFileType = sourcecode.c.h; path = manageCVMat.h; sourceTree = "<group>"; };
		17C6A03415B5C67200372355 /* manageCVMat.mm */ = {isa = PBXFileReference; fileEncoding = 4; lastKnownFileType = sourcecode.cpp.objcpp; path = manageCVMat.mm; sourceTree = "<group>"; };
		17C6A03515B5C67200372355 /* SessionManager.h */ = {isa = PBXFileReference; fileEncoding = 4; lastKnownFileType = sourcecode.c.h; path = SessionManager.h; sourceTree = "<group>"; };
		17C6A03615B5C67200372355 /* SessionManager.mm */ = {isa = PBXFileReference; fileEncoding = 4; lastKnownFileType = sourcecode.cpp.objcpp; path = SessionManager.mm; sourceTree = "<group>"; };
		17C6A03715B5C67200372355 /* UIImage+OpenCV.h */ = {isa = PBXFileReference; fileEncoding = 4; lastKnownFileType = sourcecode.c.h; path = "UIImage+OpenCV.h"; sourceTree = "<group>"; };
		17C6A03815B5C67200372355 /* UIImage+OpenCV.mm */ = {isa = PBXFileReference; fileEncoding = 4; lastKnownFileType = sourcecode.cpp.objcpp; path = "UIImage+OpenCV.mm"; sourceTree = "<group>"; };
		17C6A09D15B5CE3500372355 /* ReconstructionViewController.h */ = {isa = PBXFileReference; fileEncoding = 4; lastKnownFileType = sourcecode.c.h; path = ReconstructionViewController.h; sourceTree = "<group>"; };
		17C6A09E15B5CE3500372355 /* ReconstructionViewController.mm */ = {isa = PBXFileReference; fileEncoding = 4; lastKnownFileType = sourcecode.cpp.objcpp; path = ReconstructionViewController.mm; sourceTree = "<group>"; };
		17C6A0B015B5D80200372355 /* libopencv_calib3d.a */ = {isa = PBXFileReference; lastKnownFileType = archive.ar; name = libopencv_calib3d.a; path = opencvios/lib/Debug/libopencv_calib3d.a; sourceTree = "<group>"; };
		17C6A0B115B5D80200372355 /* libopencv_contrib.a */ = {isa = PBXFileReference; lastKnownFileType = archive.ar; name = libopencv_contrib.a; path = opencvios/lib/Debug/libopencv_contrib.a; sourceTree = "<group>"; };
		17C6A0B215B5D80200372355 /* libopencv_core.a */ = {isa = PBXFileReference; lastKnownFileType = archive.ar; name = libopencv_core.a; path = opencvios/lib/Debug/libopencv_core.a; sourceTree = "<group>"; };
		17C6A0B315B5D80200372355 /* libopencv_features2d.a */ = {isa = PBXFileReference; lastKnownFileType = archive.ar; name = libopencv_features2d.a; path = opencvios/lib/Debug/libopencv_features2d.a; sourceTree = "<group>"; };
		17C6A0B415B5D80200372355 /* libopencv_flann.a */ = {isa = PBXFileReference; lastKnownFileType = archive.ar; name = libopencv_flann.a; path = opencvios/lib/Debug/libopencv_flann.a; sourceTree = "<group>"; };
		17C6A0B515B5D80200372355 /* libopencv_highgui.a */ = {isa = PBXFileReference; lastKnownFileType = archive.ar; name = libopencv_highgui.a; path = opencvios/lib/Debug/libopencv_highgui.a; sourceTree = "<group>"; };
		17C6A0B615B5D80200372355 /* libopencv_imgproc.a */ = {isa = PBXFileReference; lastKnownFileType = archive.ar; name = libopencv_imgproc.a; path = opencvios/lib/Debug/libopencv_imgproc.a; sourceTree = "<group>"; };
		17C6A0B715B5D80200372355 /* libopencv_legacy.a */ = {isa = PBXFileReference; lastKnownFileType = archive.ar; name = libopencv_legacy.a; path = opencvios/lib/Debug/libopencv_legacy.a; sourceTree = "<group>"; };
		17C6A0B815B5D80200372355 /* libopencv_ml.a */ = {isa = PBXFileReference; lastKnownFileType = archive.ar; name = libopencv_ml.a; path = opencvios/lib/Debug/libopencv_ml.a; sourceTree = "<group>"; };
		17C6A0B915B5D80200372355 /* libopencv_nonfree.a */ = {isa = PBXFileReference; lastKnownFileType = archive.ar; name = libopencv_nonfree.a; path = opencvios/lib/Debug/libopencv_nonfree.a; sourceTree = "<group>"; };
		17C6A0BA15B5D80200372355 /* libopencv_objdetect.a */ = {isa = PBXFileReference; lastKnownFileType = archive.ar; name = libopencv_objdetect.a; path = opencvios/lib/Debug/libopencv_objdetect.a; sourceTree = "<group>"; };
		17C6A0BB15B5D80200372355 /* libopencv_photo.a */ = {isa = PBXFileReference; lastKnownFileType = archive.ar; name = libopencv_photo.a; path = opencvios/lib/Debug/libopencv_photo.a; sourceTree = "<group>"; };
		17C6A0BC15B5D80200372355 /* libopencv_stitching.a */ = {isa = PBXFileReference; lastKnownFileType = archive.ar; name = libopencv_stitching.a; path = opencvios/lib/Debug/libopencv_stitching.a; sourceTree = "<group>"; };
		17C6A0BD15B5D80200372355 /* libopencv_video.a */ = {isa = PBXFileReference; lastKnownFileType = archive.ar; name = libopencv_video.a; path = opencvios/lib/Debug/libopencv_video.a; sourceTree = "<group>"; };
		17C6A0BE15B5D80200372355 /* libopencv_videostab.a */ = {isa = PBXFileReference; lastKnownFileType = archive.ar; name = libopencv_videostab.a; path = opencvios/lib/Debug/libopencv_videostab.a; sourceTree = "<group>"; };
		17C6A0BF15B5D80200372355 /* libzlib.a */ = {isa = PBXFileReference; lastKnownFileType = archive.ar; name = libzlib.a; path = opencvios/lib/Debug/libzlib.a; sourceTree = "<group>"; };
		17C6A0D815B5F39B00372355 /* GameKit.framework */ = {isa = PBXFileReference; lastKnownFileType = wrapper.framework; name = GameKit.framework; path = System/Library/Frameworks/GameKit.framework; sourceTree = SDKROOT; };
		17C6A0DB15B5F3A500372355 /* ImageIO.framework */ = {isa = PBXFileReference; lastKnownFileType = wrapper.framework; name = ImageIO.framework; path = System/Library/Frameworks/ImageIO.framework; sourceTree = SDKROOT; };
		17C6A0DD15B5F3B600372355 /* CoreMedia.framework */ = {isa = PBXFileReference; lastKnownFileType = wrapper.framework; name = CoreMedia.framework; path = System/Library/Frameworks/CoreMedia.framework; sourceTree = SDKROOT; };
		17C6A0DE15B5F3B600372355 /* CoreVideo.framework */ = {isa = PBXFileReference; lastKnownFileType = wrapper.framework; name = CoreVideo.framework; path = System/Library/Frameworks/CoreVideo.framework; sourceTree = SDKROOT; };
		17C6A0E115B5F3BF00372355 /* AVFoundation.framework */ = {isa = PBXFileReference; lastKnownFileType = wrapper.framework; name = AVFoundation.framework; path = System/Library/Frameworks/AVFoundation.framework; sourceTree = SDKROOT; };
		C53FCC03164986570061ABA4 /* glViewController.h */ = {isa = PBXFileReference; fileEncoding = 4; lastKnownFileType = sourcecode.c.h; path = glViewController.h; sourceTree = "<group>"; };
		C53FCC04164986570061ABA4 /* glViewController.mm */ = {isa = PBXFileReference; fileEncoding = 4; lastKnownFileType = sourcecode.cpp.objcpp; path = glViewController.mm; sourceTree = "<group>"; };
		C53FCC0716498BDD0061ABA4 /* GLKit.framework */ = {isa = PBXFileReference; lastKnownFileType = wrapper.framework; name = GLKit.framework; path = System/Library/Frameworks/GLKit.framework; sourceTree = SDKROOT; };
		C53FCC09164998260061ABA4 /* tile_floor.png */ = {isa = PBXFileReference; lastKnownFileType = image.png; name = tile_floor.png; path = ../../../Downloads/HelloGLKit/HelloGLKit/tile_floor.png; sourceTree = "<group>"; };
		C5A448001621B85D00490911 /* OpenGLES.framework */ = {isa = PBXFileReference; lastKnownFileType = wrapper.framework; name = OpenGLES.framework; path = System/Library/Frameworks/OpenGLES.framework; sourceTree = SDKROOT; };
		C5A4484416222E4B00490911 /* particle.png */ = {isa = PBXFileReference; lastKnownFileType = image.png; path = particle.png; sourceTree = "<group>"; };
/* End PBXFileReference section */

/* Begin PBXFrameworksBuildPhase section */
		17C69FFC15B5B02100372355 /* Frameworks */ = {
			isa = PBXFrameworksBuildPhase;
			buildActionMask = 2147483647;
			files = (
				C53FCC0816498BDD0061ABA4 /* GLKit.framework in Frameworks */,
				C5A448011621B85D00490911 /* OpenGLES.framework in Frameworks */,
				174F3E8A15D44BF9007B7A62 /* QuartzCore.framework in Frameworks */,
				17C6A0E215B5F3BF00372355 /* AVFoundation.framework in Frameworks */,
				17C6A0DF15B5F3B600372355 /* CoreMedia.framework in Frameworks */,
				17C6A0E015B5F3B600372355 /* CoreVideo.framework in Frameworks */,
				17C6A0DC15B5F3A500372355 /* ImageIO.framework in Frameworks */,
				17C6A0D915B5F39B00372355 /* GameKit.framework in Frameworks */,
				17C6A0C015B5D80200372355 /* libopencv_calib3d.a in Frameworks */,
				17C6A0C115B5D80200372355 /* libopencv_contrib.a in Frameworks */,
				17C6A0C215B5D80200372355 /* libopencv_core.a in Frameworks */,
				17C6A0C315B5D80200372355 /* libopencv_features2d.a in Frameworks */,
				17C6A0C415B5D80200372355 /* libopencv_flann.a in Frameworks */,
				17C6A0C515B5D80200372355 /* libopencv_highgui.a in Frameworks */,
				17C6A0C615B5D80200372355 /* libopencv_imgproc.a in Frameworks */,
				17C6A0C715B5D80200372355 /* libopencv_legacy.a in Frameworks */,
				17C6A0C815B5D80200372355 /* libopencv_ml.a in Frameworks */,
				17C6A0C915B5D80200372355 /* libopencv_nonfree.a in Frameworks */,
				17C6A0CA15B5D80200372355 /* libopencv_objdetect.a in Frameworks */,
				17C6A0CB15B5D80200372355 /* libopencv_photo.a in Frameworks */,
				17C6A0CC15B5D80200372355 /* libopencv_stitching.a in Frameworks */,
				17C6A0CD15B5D80200372355 /* libopencv_video.a in Frameworks */,
				17C6A0CE15B5D80200372355 /* libopencv_videostab.a in Frameworks */,
				17C6A0CF15B5D80200372355 /* libzlib.a in Frameworks */,
				17C6A00415B5B02100372355 /* UIKit.framework in Frameworks */,
				17C6A00615B5B02100372355 /* Foundation.framework in Frameworks */,
				17C6A00815B5B02100372355 /* CoreGraphics.framework in Frameworks */,
			);
			runOnlyForDeploymentPostprocessing = 0;
		};
/* End PBXFrameworksBuildPhase section */

/* Begin PBXGroup section */
		17C69FF415B5B02100372355 = {
			isa = PBXGroup;
			children = (
				17C6A00915B5B02100372355 /* stereo_vision */,
				17C6A00215B5B02100372355 /* Frameworks */,
				17C6A00015B5B02100372355 /* Products */,
			);
			sourceTree = "<group>";
		};
		17C6A00015B5B02100372355 /* Products */ = {
			isa = PBXGroup;
			children = (
				17C69FFF15B5B02100372355 /* stereo_vision.app */,
			);
			name = Products;
			sourceTree = "<group>";
		};
		17C6A00215B5B02100372355 /* Frameworks */ = {
			isa = PBXGroup;
			children = (
				C53FCC0716498BDD0061ABA4 /* GLKit.framework */,
				C5A448001621B85D00490911 /* OpenGLES.framework */,
				174F3E8915D44BF8007B7A62 /* QuartzCore.framework */,
				17C6A0E115B5F3BF00372355 /* AVFoundation.framework */,
				17C6A0DD15B5F3B600372355 /* CoreMedia.framework */,
				17C6A0DE15B5F3B600372355 /* CoreVideo.framework */,
				17C6A0DB15B5F3A500372355 /* ImageIO.framework */,
				17C6A0D815B5F39B00372355 /* GameKit.framework */,
				17C6A0B015B5D80200372355 /* libopencv_calib3d.a */,
				17C6A0B115B5D80200372355 /* libopencv_contrib.a */,
				17C6A0B215B5D80200372355 /* libopencv_core.a */,
				17C6A0B315B5D80200372355 /* libopencv_features2d.a */,
				17C6A0B415B5D80200372355 /* libopencv_flann.a */,
				17C6A0B515B5D80200372355 /* libopencv_highgui.a */,
				17C6A0B615B5D80200372355 /* libopencv_imgproc.a */,
				17C6A0B715B5D80200372355 /* libopencv_legacy.a */,
				17C6A0B815B5D80200372355 /* libopencv_ml.a */,
				17C6A0B915B5D80200372355 /* libopencv_nonfree.a */,
				17C6A0BA15B5D80200372355 /* libopencv_objdetect.a */,
				17C6A0BB15B5D80200372355 /* libopencv_photo.a */,
				17C6A0BC15B5D80200372355 /* libopencv_stitching.a */,
				17C6A0BD15B5D80200372355 /* libopencv_video.a */,
				17C6A0BE15B5D80200372355 /* libopencv_videostab.a */,
				17C6A0BF15B5D80200372355 /* libzlib.a */,
				17C6A00315B5B02100372355 /* UIKit.framework */,
				17C6A00515B5B02100372355 /* Foundation.framework */,
				17C6A00715B5B02100372355 /* CoreGraphics.framework */,
			);
			name = Frameworks;
			sourceTree = "<group>";
		};
		17C6A00915B5B02100372355 /* stereo_vision */ = {
			isa = PBXGroup;
			children = (
				C53FCC03164986570061ABA4 /* glViewController.h */,
				C53FCC04164986570061ABA4 /* glViewController.mm */,
				17C6A03115B5C67200372355 /* OpenCVCalculations.h */,
				17C6A03215B5C67200372355 /* OpenCVCalculations.mm */,
				17C6A09D15B5CE3500372355 /* ReconstructionViewController.h */,
				17C6A09E15B5CE3500372355 /* ReconstructionViewController.mm */,
				17C6A03315B5C67200372355 /* manageCVMat.h */,
				17C6A03415B5C67200372355 /* manageCVMat.mm */,
				17C6A03515B5C67200372355 /* SessionManager.h */,
				17C6A03615B5C67200372355 /* SessionManager.mm */,
				1704B70D1633156A00F05E23 /* TimeDelayCalculation.h */,
				1704B70E1633156A00F05E23 /* TimeDelayCalculation.m */,
				176342A715B9ADEC00AAD6E4 /* ResponseFromSession.h */,
				17C6A03715B5C67200372355 /* UIImage+OpenCV.h */,
				17C6A03815B5C67200372355 /* UIImage+OpenCV.mm */,
				17C6A02C15B5BD7900372355 /* SettingsViewController.h */,
				17C6A02D15B5BD7900372355 /* SettingsViewController.mm */,
				17C6A02915B5B83500372355 /* CalibrationViewClontroller.h */,
				17C6A02A15B5B83500372355 /* CalibrationViewConroller.mm */,
				17C6A01515B5B02100372355 /* MainStoryboard.storyboard */,
				1763429B15B7FC7A00AAD6E4 /* LibraryViewController.h */,
				1763429C15B7FC7A00AAD6E4 /* LibraryViewController.mm */,
				17C6A01815B5B02100372355 /* ViewController.h */,
				17C6A01915B5B02100372355 /* ViewController.mm */,
				17C6A00A15B5B02100372355 /* Supporting Files */,
			);
			path = stereo_vision;
			sourceTree = "<group>";
		};
		17C6A00A15B5B02100372355 /* Supporting Files */ = {
			isa = PBXGroup;
			children = (
				C53FCC09164998260061ABA4 /* tile_floor.png */,
				C5A4484416222E4B00490911 /* particle.png */,
				17C6A01215B5B02100372355 /* AppDelegate.h */,
				17C6A01315B5B02100372355 /* AppDelegate.m */,
				17C6A00B15B5B02100372355 /* stereo_vision-Info.plist */,
				17C6A00C15B5B02100372355 /* InfoPlist.strings */,
				17C6A00F15B5B02100372355 /* main.m */,
				17C6A01115B5B02100372355 /* stereo_vision-Prefix.pch */,
				17C6A02715B5B78B00372355 /* 3dscanner.png */,
				174D51F71633523E00D465DE /* Icon.png */,
				176342AE15BAE13100AAD6E4 /* bright_bg_img1.jpeg */,
				176342AF15BAE13100AAD6E4 /* bright_bg_img2.jpeg */,
				176342B015BAE13100AAD6E4 /* bright_bg_img3.jpeg */,
				176342A315B9A23700AAD6E4 /* blue bgi.jpeg */,
				176342A415B9A23700AAD6E4 /* dark bg.jpeg */,
				17C6A02515B5B6EC00372355 /* Clouds.JPG */,
			);
			name = "Supporting Files";
			sourceTree = "<group>";
		};
/* End PBXGroup section */

/* Begin PBXNativeTarget section */
		17C69FFE15B5B02100372355 /* stereo_vision */ = {
			isa = PBXNativeTarget;
			buildConfigurationList = 17C6A01D15B5B02100372355 /* Build configuration list for PBXNativeTarget "stereo_vision" */;
			buildPhases = (
				17C69FFB15B5B02100372355 /* Sources */,
				17C69FFC15B5B02100372355 /* Frameworks */,
				17C69FFD15B5B02100372355 /* Resources */,
			);
			buildRules = (
			);
			dependencies = (
			);
			name = stereo_vision;
			productName = stereo_vision;
			productReference = 17C69FFF15B5B02100372355 /* stereo_vision.app */;
			productType = "com.apple.product-type.application";
		};
/* End PBXNativeTarget section */

/* Begin PBXProject section */
		17C69FF615B5B02100372355 /* Project object */ = {
			isa = PBXProject;
			attributes = {
				LastUpgradeCheck = 0430;
			};
			buildConfigurationList = 17C69FF915B5B02100372355 /* Build configuration list for PBXProject "stereo_vision" */;
			compatibilityVersion = "Xcode 3.2";
			developmentRegion = English;
			hasScannedForEncodings = 0;
			knownRegions = (
				en,
			);
			mainGroup = 17C69FF415B5B02100372355;
			productRefGroup = 17C6A00015B5B02100372355 /* Products */;
			projectDirPath = "";
			projectRoot = "";
			targets = (
				17C69FFE15B5B02100372355 /* stereo_vision */,
			);
		};
/* End PBXProject section */

/* Begin PBXResourcesBuildPhase section */
		17C69FFD15B5B02100372355 /* Resources */ = {
			isa = PBXResourcesBuildPhase;
			buildActionMask = 2147483647;
			files = (
				17C6A00E15B5B02100372355 /* InfoPlist.strings in Resources */,
				17C6A01715B5B02100372355 /* MainStoryboard.storyboard in Resources */,
				17C6A02615B5B6EC00372355 /* Clouds.JPG in Resources */,
				17C6A02815B5B78B00372355 /* 3dscanner.png in Resources */,
				176342A515B9A23700AAD6E4 /* blue bgi.jpeg in Resources */,
				176342A615B9A23700AAD6E4 /* dark bg.jpeg in Resources */,
				176342B115BAE13100AAD6E4 /* bright_bg_img1.jpeg in Resources */,
				176342B215BAE13100AAD6E4 /* bright_bg_img2.jpeg in Resources */,
				176342B315BAE13100AAD6E4 /* bright_bg_img3.jpeg in Resources */,
				C5A4484516222E4C00490911 /* particle.png in Resources */,
				174D51F81633523E00D465DE /* Icon.png in Resources */,
				C53FCC0A164998260061ABA4 /* tile_floor.png in Resources */,
			);
			runOnlyForDeploymentPostprocessing = 0;
		};
/* End PBXResourcesBuildPhase section */

/* Begin PBXSourcesBuildPhase section */
		17C69FFB15B5B02100372355 /* Sources */ = {
			isa = PBXSourcesBuildPhase;
			buildActionMask = 2147483647;
			files = (
				17C6A01015B5B02100372355 /* main.m in Sources */,
				17C6A01415B5B02100372355 /* AppDelegate.m in Sources */,
				17C6A01A15B5B02100372355 /* ViewController.mm in Sources */,
				17C6A02B15B5B83600372355 /* CalibrationViewConroller.mm in Sources */,
				17C6A02F15B5BD7900372355 /* SettingsViewController.mm in Sources */,
				17C6A03915B5C67200372355 /* OpenCVCalculations.mm in Sources */,
				17C6A03A15B5C67200372355 /* manageCVMat.mm in Sources */,
				17C6A03B15B5C67200372355 /* SessionManager.mm in Sources */,
				17C6A03C15B5C67200372355 /* UIImage+OpenCV.mm in Sources */,
				17C6A09F15B5CE3600372355 /* ReconstructionViewController.mm in Sources */,
				1763429D15B7FC7A00AAD6E4 /* LibraryViewController.mm in Sources */,
				1704B70F1633156A00F05E23 /* TimeDelayCalculation.m in Sources */,
				C53FCC05164986570061ABA4 /* glViewController.mm in Sources */,
			);
			runOnlyForDeploymentPostprocessing = 0;
		};
/* End PBXSourcesBuildPhase section */

/* Begin PBXVariantGroup section */
		17C6A00C15B5B02100372355 /* InfoPlist.strings */ = {
			isa = PBXVariantGroup;
			children = (
				17C6A00D15B5B02100372355 /* en */,
			);
			name = InfoPlist.strings;
			sourceTree = "<group>";
		};
		17C6A01515B5B02100372355 /* MainStoryboard.storyboard */ = {
			isa = PBXVariantGroup;
			children = (
				17C6A01615B5B02100372355 /* en */,
			);
			name = MainStoryboard.storyboard;
			sourceTree = "<group>";
		};
/* End PBXVariantGroup section */

/* Begin XCBuildConfiguration section */
		17C6A01B15B5B02100372355 /* Debug */ = {
			isa = XCBuildConfiguration;
			buildSettings = {
				ALWAYS_SEARCH_USER_PATHS = NO;
				ARCHS = "$(ARCHS_STANDARD_32_BIT)";
				CLANG_ENABLE_OBJC_ARC = YES;
				"CODE_SIGN_IDENTITY[sdk=iphoneos*]" = "iPhone Developer";
				COPY_PHASE_STRIP = NO;
				GCC_C_LANGUAGE_STANDARD = gnu99;
				GCC_DYNAMIC_NO_PIC = NO;
				GCC_OPTIMIZATION_LEVEL = 0;
				GCC_PREPROCESSOR_DEFINITIONS = (
					"DEBUG=1",
					"$(inherited)",
				);
				GCC_SYMBOLS_PRIVATE_EXTERN = NO;
				GCC_VERSION = com.apple.compilers.llvm.clang.1_0;
				GCC_WARN_ABOUT_RETURN_TYPE = YES;
				GCC_WARN_UNINITIALIZED_AUTOS = YES;
				GCC_WARN_UNUSED_VARIABLE = YES;
				IPHONEOS_DEPLOYMENT_TARGET = 5.1;
				SDKROOT = iphoneos;
			};
			name = Debug;
		};
		17C6A01C15B5B02100372355 /* Release */ = {
			isa = XCBuildConfiguration;
			buildSettings = {
				ALWAYS_SEARCH_USER_PATHS = NO;
				ARCHS = "$(ARCHS_STANDARD_32_BIT)";
				CLANG_ENABLE_OBJC_ARC = YES;
				"CODE_SIGN_IDENTITY[sdk=iphoneos*]" = "iPhone Developer";
				COPY_PHASE_STRIP = YES;
				GCC_C_LANGUAGE_STANDARD = gnu99;
				GCC_VERSION = com.apple.compilers.llvm.clang.1_0;
				GCC_WARN_ABOUT_RETURN_TYPE = YES;
				GCC_WARN_UNINITIALIZED_AUTOS = YES;
				GCC_WARN_UNUSED_VARIABLE = YES;
				IPHONEOS_DEPLOYMENT_TARGET = 5.1;
				OTHER_CFLAGS = "-DNS_BLOCK_ASSERTIONS=1";
				SDKROOT = iphoneos;
				VALIDATE_PRODUCT = YES;
			};
			name = Release;
		};
		17C6A01E15B5B02100372355 /* Debug */ = {
			isa = XCBuildConfiguration;
			buildSettings = {
				ARCHS = armv7;
				GCC_PRECOMPILE_PREFIX_HEADER = YES;
				GCC_PREFIX_HEADER = "stereo_vision/stereo_vision-Prefix.pch";
				HEADER_SEARCH_PATHS = (
					"\"./opencvios/include\"",
					"\"./opencvios/include/opencv2\"",
					"./isgl3d/**",
					"./external/**",
				);
				INFOPLIST_FILE = "stereo_vision/stereo_vision-Info.plist";
				IPHONEOS_DEPLOYMENT_TARGET = 5.1;
				LIBRARY_SEARCH_PATHS = (
					"$(inherited)",
					"\"./opencvios/lib/Debug\"",
					"\"$(SRCROOT)\"",
				);
				PRODUCT_NAME = "$(TARGET_NAME)";
				SDKROOT = iphoneos;
				VALID_ARCHS = armv7;
				WRAPPER_EXTENSION = app;
			};
			name = Debug;
		};
		17C6A01F15B5B02100372355 /* Release */ = {
			isa = XCBuildConfiguration;
			buildSettings = {
				ARCHS = armv7;
				GCC_PRECOMPILE_PREFIX_HEADER = YES;
				GCC_PREFIX_HEADER = "stereo_vision/stereo_vision-Prefix.pch";
				HEADER_SEARCH_PATHS = (
					"\"./opencvios/include\"",
					"\"./opencvios/include/opencv2\"",
					"./isgl3d/**",
					"./external/**",
				);
				INFOPLIST_FILE = "stereo_vision/stereo_vision-Info.plist";
				IPHONEOS_DEPLOYMENT_TARGET = 5.1;
				LIBRARY_SEARCH_PATHS = (
					"$(inherited)",
					"\"./opencvios/lib/Debug\"",
					"\"$(SRCROOT)\"",
				);
				PRODUCT_NAME = "$(TARGET_NAME)";
				SDKROOT = iphoneos;
				VALID_ARCHS = armv7;
				WRAPPER_EXTENSION = app;
			};
			name = Release;
		};
/* End XCBuildConfiguration section */

/* Begin XCConfigurationList section */
		17C69FF915B5B02100372355 /* Build configuration list for PBXProject "stereo_vision" */ = {
			isa = XCConfigurationList;
			buildConfigurations = (
				17C6A01B15B5B02100372355 /* Debug */,
				17C6A01C15B5B02100372355 /* Release */,
			);
			defaultConfigurationIsVisible = 0;
			defaultConfigurationName = Release;
		};
		17C6A01D15B5B02100372355 /* Build configuration list for PBXNativeTarget "stereo_vision" */ = {
			isa = XCConfigurationList;
			buildConfigurations = (
				17C6A01E15B5B02100372355 /* Debug */,
				17C6A01F15B5B02100372355 /* Release */,
			);
			defaultConfigurationIsVisible = 0;
			defaultConfigurationName = Release;
		};
/* End XCConfigurationList section */
	};
	rootObject = 17C69FF615B5B02100372355 /* Project object */;
}
